Microsoft Visual Studio Solution File, Format Version 12.00
# Visual Studio Version 17
VisualStudioVersion = 17.5.2.0
MinimumVisualStudioVersion = 10.0.40219.1
Project("{FAE04EC0-301F-11D3-BF4B-00C04F79EFBC}") = "Notes.Web", "Notes.Web.csproj", "{AEEC06D6-2446-0177-E147-CC39DDFD9BCF}"
EndProject
Global
	GlobalSection(SolutionConfigurationPlatforms) = preSolution
		Debug|Any CPU = Debug|Any CPU
		Release|Any CPU = Release|Any CPU
	EndGlobalSection
	GlobalSection(ProjectConfigurationPlatforms) = postSolution
		{AEEC06D6-2446-0177-E147-CC39DDFD9BCF}.Debug|Any CPU.ActiveCfg = Debug|Any CPU
		{AEEC06D6-2446-0177-E147-CC39DDFD9BCF}.Debug|Any CPU.Build.0 = Debug|Any CPU
		{AEEC06D6-2446-0177-E147-CC39DDFD9BCF}.Release|Any CPU.ActiveCfg = Release|Any CPU
		{AEEC06D6-2446-0177-E147-CC39DDFD9BCF}.Release|Any CPU.Build.0 = Release|Any CPU
	EndGlobalSection
	GlobalSection(SolutionProperties) = preSolution
		HideSolutionNode = FALSE
	EndGlobalSection
	GlobalSection(ExtensibilityGlobals) = postSolution
		SolutionGuid = {0DFABDCB-107F-46C6-9E8D-0EBC0EC046AF}
	EndGlobalSection
EndGlobal
